
Microsoft Visual Studio Solution File, Format Version 12.00
# Visual Studio Version 17
VisualStudioVersion = 17.4.33213.308
MinimumVisualStudioVersion = 10.0.40219.1
Project("{FAE04EC0-301F-11D3-BF4B-00C04F79EFBC}") = "WpfApp1", "WpfApp1.csproj", "{1BE68812-B054-4DFF-8530-4AADE75CD050}"
EndProject
Global
	GlobalSection(SolutionConfigurationPlatforms) = preSolution
		Debug|Any CPU = Debug|Any CPU
		Release|Any CPU = Release|Any CPU
	EndGlobalSection
	GlobalSection(ProjectConfigurationPlatforms) = postSolution
		{1BE68812-B054-4DFF-8530-4AADE75CD050}.Debug|Any CPU.ActiveCfg = Debug|Any CPU
		{1BE68812-B054-4DFF-8530-4AADE75CD050}.Debug|Any CPU.Build.0 = Debug|Any CPU
		{1BE68812-B054-4DFF-8530-4AADE75CD050}.Release|Any CPU.ActiveCfg = Release|Any CPU
		{1BE68812-B054-4DFF-8530-4AADE75CD050}.Release|Any CPU.Build.0 = Release|Any CPU
	EndGlobalSection
	GlobalSection(SolutionProperties) = preSolution
		HideSolutionNode = FALSE
	EndGlobalSection
	GlobalSection(ExtensibilityGlobals) = postSolution
		SolutionGuid = {105A8FCD-652C-4043-88BC-C677ABC49F8D}
	EndGlobalSection
EndGlobal
